
Microsoft Visual Studio Solution File, Format Version 12.00
# Visual Studio Version 16
VisualStudioVersion = 16.0.30523.141
MinimumVisualStudioVersion = 10.0.40219.1
Project("{FAE04EC0-301F-11D3-BF4B-00C04F79EFBC}") = "Problème", "Problème\Problème.csproj", "{F1DC1B41-BBA9-409E-95CC-D93C78B13976}"
EndProject
Global
	GlobalSection(SolutionConfigurationPlatforms) = preSolution
		Debug|Any CPU = Debug|Any CPU
		Release|Any CPU = Release|Any CPU
	EndGlobalSection
	GlobalSection(ProjectConfigurationPlatforms) = postSolution
		{F1DC1B41-BBA9-409E-95CC-D93C78B13976}.Debug|Any CPU.ActiveCfg = Debug|Any CPU
		{F1DC1B41-BBA9-409E-95CC-D93C78B13976}.Debug|Any CPU.Build.0 = Debug|Any CPU
		{F1DC1B41-BBA9-409E-95CC-D93C78B13976}.Release|Any CPU.ActiveCfg = Release|Any CPU
		{F1DC1B41-BBA9-409E-95CC-D93C78B13976}.Release|Any CPU.Build.0 = Release|Any CPU
	EndGlobalSection
	GlobalSection(SolutionProperties) = preSolution
		HideSolutionNode = FALSE
	EndGlobalSection
	GlobalSection(ExtensibilityGlobals) = postSolution
		SolutionGuid = {D4B5B94F-8698-4F3B-981A-74C1D6871BE1}
	EndGlobalSection
EndGlobal
